
Microsoft Visual Studio Solution File, Format Version 12.00
# Visual Studio Version 17
VisualStudioVersion = 17.5.002.0
MinimumVisualStudioVersion = 10.0.40219.1
Project("{9A19103F-16F7-4668-BE54-9A1E7A4F7556}") = "OrdersApp", "OrdersApp\OrdersApp.csproj", "{7050A7EC-1DA3-4C8F-A102-324F2A6FA227}"
EndProject
Global
	GlobalSection(SolutionConfigurationPlatforms) = preSolution
		Debug|Any CPU = Debug|Any CPU
		Release|Any CPU = Release|Any CPU
	EndGlobalSection
	GlobalSection(ProjectConfigurationPlatforms) = postSolution
		{7050A7EC-1DA3-4C8F-A102-324F2A6FA227}.Debug|Any CPU.ActiveCfg = Debug|Any CPU
		{7050A7EC-1DA3-4C8F-A102-324F2A6FA227}.Debug|Any CPU.Build.0 = Debug|Any CPU
		{7050A7EC-1DA3-4C8F-A102-324F2A6FA227}.Release|Any CPU.ActiveCfg = Release|Any CPU
		{7050A7EC-1DA3-4C8F-A102-324F2A6FA227}.Release|Any CPU.Build.0 = Release|Any CPU
	EndGlobalSection
	GlobalSection(SolutionProperties) = preSolution
		HideSolutionNode = FALSE
	EndGlobalSection
	GlobalSection(ExtensibilityGlobals) = postSolution
		SolutionGuid = {6AE27DD6-D04E-4FAE-9FDA-44FAD1511B18}
	EndGlobalSection
EndGlobal
